
Microsoft Visual Studio Solution File, Format Version 12.00
# Visual Studio Version 16
VisualStudioVersion = 16.0.32126.315
MinimumVisualStudioVersion = 10.0.40219.1
Project("{FAE04EC0-301F-11D3-BF4B-00C04F79EFBC}") = "Business", "Business\Business.csproj", "{C256CB55-D829-4D96-9001-B6CAC08FFDC5}"
EndProject
Project("{FAE04EC0-301F-11D3-BF4B-00C04F79EFBC}") = "Core", "Core\Core.csproj", "{960F961B-DF02-418A-90F2-72528DE173F2}"
EndProject
Project("{FAE04EC0-301F-11D3-BF4B-00C04F79EFBC}") = "DataAccess", "DataAccess\DataAccess.csproj", "{5F7BA466-B8F6-4F45-AE67-CFCC47D2D869}"
EndProject
Project("{FAE04EC0-301F-11D3-BF4B-00C04F79EFBC}") = "Entities", "Entities\Entities.csproj", "{E14D92EA-40F9-41AF-9B10-9FDD494185DD}"
EndProject
Project("{FAE04EC0-301F-11D3-BF4B-00C04F79EFBC}") = "WebAPI", "WebAPI\WebAPI.csproj", "{1D0983A3-1526-4397-840E-1D0544B2E677}"
EndProject
Global
	GlobalSection(SolutionConfigurationPlatforms) = preSolution
		Debug|Any CPU = Debug|Any CPU
		Release|Any CPU = Release|Any CPU
	EndGlobalSection
	GlobalSection(ProjectConfigurationPlatforms) = postSolution
		{C256CB55-D829-4D96-9001-B6CAC08FFDC5}.Debug|Any CPU.ActiveCfg = Debug|Any CPU
		{C256CB55-D829-4D96-9001-B6CAC08FFDC5}.Debug|Any CPU.Build.0 = Debug|Any CPU
		{C256CB55-D829-4D96-9001-B6CAC08FFDC5}.Release|Any CPU.ActiveCfg = Release|Any CPU
		{C256CB55-D829-4D96-9001-B6CAC08FFDC5}.Release|Any CPU.Build.0 = Release|Any CPU
		{960F961B-DF02-418A-90F2-72528DE173F2}.Debug|Any CPU.ActiveCfg = Debug|Any CPU
		{960F961B-DF02-418A-90F2-72528DE173F2}.Debug|Any CPU.Build.0 = Debug|Any CPU
		{960F961B-DF02-418A-90F2-72528DE173F2}.Release|Any CPU.ActiveCfg = Release|Any CPU
		{960F961B-DF02-418A-90F2-72528DE173F2}.Release|Any CPU.Build.0 = Release|Any CPU
		{5F7BA466-B8F6-4F45-AE67-CFCC47D2D869}.Debug|Any CPU.ActiveCfg = Debug|Any CPU
		{5F7BA466-B8F6-4F45-AE67-CFCC47D2D869}.Debug|Any CPU.Build.0 = Debug|Any CPU
		{5F7BA466-B8F6-4F45-AE67-CFCC47D2D869}.Release|Any CPU.ActiveCfg = Release|Any CPU
		{5F7BA466-B8F6-4F45-AE67-CFCC47D2D869}.Release|Any CPU.Build.0 = Release|Any CPU
		{E14D92EA-40F9-41AF-9B10-9FDD494185DD}.Debug|Any CPU.ActiveCfg = Debug|Any CPU
		{E14D92EA-40F9-41AF-9B10-9FDD494185DD}.Debug|Any CPU.Build.0 = Debug|Any CPU
		{E14D92EA-40F9-41AF-9B10-9FDD494185DD}.Release|Any CPU.ActiveCfg = Release|Any CPU
		{E14D92EA-40F9-41AF-9B10-9FDD494185DD}.Release|Any CPU.Build.0 = Release|Any CPU
		{1D0983A3-1526-4397-840E-1D0544B2E677}.Debug|Any CPU.ActiveCfg = Debug|Any CPU
		{1D0983A3-1526-4397-840E-1D0544B2E677}.Debug|Any CPU.Build.0 = Debug|Any CPU
		{1D0983A3-1526-4397-840E-1D0544B2E677}.Release|Any CPU.ActiveCfg = Release|Any CPU
		{1D0983A3-1526-4397-840E-1D0544B2E677}.Release|Any CPU.Build.0 = Release|Any CPU
	EndGlobalSection
	GlobalSection(SolutionProperties) = preSolution
		HideSolutionNode = FALSE
	EndGlobalSection
	GlobalSection(ExtensibilityGlobals) = postSolution
		SolutionGuid = {D54C78E0-7EF2-42CF-831F-CC7138C3E04C}
	EndGlobalSection
EndGlobal
